
Microsoft Visual Studio Solution File, Format Version 12.00
# Visual Studio Version 16
VisualStudioVersion = 16.0.32106.194
MinimumVisualStudioVersion = 10.0.40219.1
Project("{FAE04EC0-301F-11D3-BF4B-00C04F79EFBC}") = "mvc-bootstrap-5-template", "mvc-bootstrap-5-template\mvc-bootstrap-5-template.csproj", "{37107018-ED34-4835-BF21-513BC844716D}"
EndProject
Global
	GlobalSection(SolutionConfigurationPlatforms) = preSolution
		Debug|Any CPU = Debug|Any CPU
		Release|Any CPU = Release|Any CPU
	EndGlobalSection
	GlobalSection(ProjectConfigurationPlatforms) = postSolution
		{37107018-ED34-4835-BF21-513BC844716D}.Debug|Any CPU.ActiveCfg = Debug|Any CPU
		{37107018-ED34-4835-BF21-513BC844716D}.Debug|Any CPU.Build.0 = Debug|Any CPU
		{37107018-ED34-4835-BF21-513BC844716D}.Release|Any CPU.ActiveCfg = Release|Any CPU
		{37107018-ED34-4835-BF21-513BC844716D}.Release|Any CPU.Build.0 = Release|Any CPU
	EndGlobalSection
	GlobalSection(SolutionProperties) = preSolution
		HideSolutionNode = FALSE
	EndGlobalSection
	GlobalSection(ExtensibilityGlobals) = postSolution
		SolutionGuid = {D3BE3259-D998-4027-A86F-327537A43549}
	EndGlobalSection
EndGlobal
